
Microsoft Visual Studio Solution File, Format Version 12.00
# Visual Studio Version 16
VisualStudioVersion = 16.0.28803.352
MinimumVisualStudioVersion = 10.0.40219.1
Project("{E24C65DC-7377-472B-9ABA-BC803B73C61A}") = "program", "http://localhost:57791", "{926A6B44-45CC-4198-828C-54CC735C60B7}"
	ProjectSection(WebsiteProperties) = preProject
		UseIISExpress = "true"
		TargetFrameworkMoniker = ".NETFramework,Version%3Dv4.0"
		Debug.AspNetCompiler.VirtualPath = "/localhost_57791"
		Debug.AspNetCompiler.PhysicalPath = "..\..\DEMO-Others\屈\program\program\"
		Debug.AspNetCompiler.TargetPath = "PrecompiledWeb\localhost_57791\"
		Debug.AspNetCompiler.Updateable = "true"
		Debug.AspNetCompiler.ForceOverwrite = "true"
		Debug.AspNetCompiler.FixedNames = "false"
		Debug.AspNetCompiler.Debug = "True"
		Release.AspNetCompiler.VirtualPath = "/localhost_57791"
		Release.AspNetCompiler.PhysicalPath = "..\..\DEMO-Others\屈\program\program\"
		Release.AspNetCompiler.TargetPath = "PrecompiledWeb\localhost_57791\"
		Release.AspNetCompiler.Updateable = "true"
		Release.AspNetCompiler.ForceOverwrite = "true"
		Release.AspNetCompiler.FixedNames = "false"
		Release.AspNetCompiler.Debug = "False"
		SlnRelativePath = "..\..\DEMO-Others\屈\program\program\"
	EndProjectSection
EndProject
Project("{E24C65DC-7377-472B-9ABA-BC803B73C61A}") = "clothesprotect", "http://localhost:16057", "{799EB7CD-F04D-4B65-A059-885642037DCE}"
	ProjectSection(WebsiteProperties) = preProject
		UseIISExpress = "true"
		TargetFrameworkMoniker = ".NETFramework,Version%3Dv4.0"
		Debug.AspNetCompiler.VirtualPath = "/localhost_16057"
		Debug.AspNetCompiler.PhysicalPath = "clothesprotect\"
		Debug.AspNetCompiler.TargetPath = "PrecompiledWeb\localhost_16057\"
		Debug.AspNetCompiler.Updateable = "true"
		Debug.AspNetCompiler.ForceOverwrite = "true"
		Debug.AspNetCompiler.FixedNames = "false"
		Debug.AspNetCompiler.Debug = "True"
		Release.AspNetCompiler.VirtualPath = "/localhost_16057"
		Release.AspNetCompiler.PhysicalPath = "clothesprotect\"
		Release.AspNetCompiler.TargetPath = "PrecompiledWeb\localhost_16057\"
		Release.AspNetCompiler.Updateable = "true"
		Release.AspNetCompiler.ForceOverwrite = "true"
		Release.AspNetCompiler.FixedNames = "false"
		Release.AspNetCompiler.Debug = "False"
		SlnRelativePath = "clothesprotect\"
	EndProjectSection
EndProject
Global
	GlobalSection(SolutionConfigurationPlatforms) = preSolution
		Debug|Any CPU = Debug|Any CPU
	EndGlobalSection
	GlobalSection(ProjectConfigurationPlatforms) = postSolution
		{926A6B44-45CC-4198-828C-54CC735C60B7}.Debug|Any CPU.ActiveCfg = Debug|Any CPU
		{926A6B44-45CC-4198-828C-54CC735C60B7}.Debug|Any CPU.Build.0 = Debug|Any CPU
		{799EB7CD-F04D-4B65-A059-885642037DCE}.Debug|Any CPU.ActiveCfg = Debug|Any CPU
		{799EB7CD-F04D-4B65-A059-885642037DCE}.Debug|Any CPU.Build.0 = Debug|Any CPU
	EndGlobalSection
	GlobalSection(SolutionProperties) = preSolution
		HideSolutionNode = FALSE
	EndGlobalSection
	GlobalSection(ExtensibilityGlobals) = postSolution
		SolutionGuid = {E077D7E6-6339-410D-A2F3-8A9E338CA996}
	EndGlobalSection
EndGlobal
